
Microsoft Visual Studio Solution File, Format Version 12.00
# Visual Studio Version 16
VisualStudioVersion = 16.0.33130.400
MinimumVisualStudioVersion = 10.0.40219.1
Project("{FAE04EC0-301F-11D3-BF4B-00C04F79EFBC}") = "Jiro", "Jiro.csproj", "{DDBF2AD6-3188-44F6-A920-5C9E6475734D}"
EndProject
Global
	GlobalSection(SolutionConfigurationPlatforms) = preSolution
		Debug|Any CPU = Debug|Any CPU
		Release|Any CPU = Release|Any CPU
	EndGlobalSection
	GlobalSection(ProjectConfigurationPlatforms) = postSolution
		{DDBF2AD6-3188-44F6-A920-5C9E6475734D}.Debug|Any CPU.ActiveCfg = Debug|Any CPU
		{DDBF2AD6-3188-44F6-A920-5C9E6475734D}.Debug|Any CPU.Build.0 = Debug|Any CPU
		{DDBF2AD6-3188-44F6-A920-5C9E6475734D}.Release|Any CPU.ActiveCfg = Release|Any CPU
		{DDBF2AD6-3188-44F6-A920-5C9E6475734D}.Release|Any CPU.Build.0 = Release|Any CPU
	EndGlobalSection
	GlobalSection(SolutionProperties) = preSolution
		HideSolutionNode = FALSE
	EndGlobalSection
	GlobalSection(ExtensibilityGlobals) = postSolution
		SolutionGuid = {75702751-16E8-490D-B4F2-0991F49E7AEF}
	EndGlobalSection
EndGlobal
